
Microsoft Visual Studio Solution File, Format Version 12.00
# Visual Studio 14
VisualStudioVersion = 14.0.25420.1
MinimumVisualStudioVersion = 10.0.40219.1
Project("{FAE04EC0-301F-11D3-BF4B-00C04F79EFBC}") = "Hit.Mvc", "Hit.Mvc\Hit.Mvc.csproj", "{25F1A162-C25F-4B78-8904-03DF99C2CD12}"
EndProject
Project("{FAE04EC0-301F-11D3-BF4B-00C04F79EFBC}") = "Hit.Mvc.Demo", "Hit.Mvc.Demo\Hit.Mvc.Demo.csproj", "{F7B000E2-A027-4F09-A443-F1774BF882EB}"
EndProject
Global
	GlobalSection(SolutionConfigurationPlatforms) = preSolution
		Debug|Any CPU = Debug|Any CPU
		Release|Any CPU = Release|Any CPU
	EndGlobalSection
	GlobalSection(ProjectConfigurationPlatforms) = postSolution
		{25F1A162-C25F-4B78-8904-03DF99C2CD12}.Debug|Any CPU.ActiveCfg = Debug|Any CPU
		{25F1A162-C25F-4B78-8904-03DF99C2CD12}.Debug|Any CPU.Build.0 = Debug|Any CPU
		{25F1A162-C25F-4B78-8904-03DF99C2CD12}.Release|Any CPU.ActiveCfg = Release|Any CPU
		{25F1A162-C25F-4B78-8904-03DF99C2CD12}.Release|Any CPU.Build.0 = Release|Any CPU
		{F7B000E2-A027-4F09-A443-F1774BF882EB}.Debug|Any CPU.ActiveCfg = Debug|Any CPU
		{F7B000E2-A027-4F09-A443-F1774BF882EB}.Debug|Any CPU.Build.0 = Debug|Any CPU
		{F7B000E2-A027-4F09-A443-F1774BF882EB}.Release|Any CPU.ActiveCfg = Release|Any CPU
		{F7B000E2-A027-4F09-A443-F1774BF882EB}.Release|Any CPU.Build.0 = Release|Any CPU
	EndGlobalSection
	GlobalSection(SolutionProperties) = preSolution
		HideSolutionNode = FALSE
	EndGlobalSection
EndGlobal
